
Microsoft Visual Studio Solution File, Format Version 12.00
# Visual Studio Version 16
VisualStudioVersion = 16.0.32106.194
MinimumVisualStudioVersion = 10.0.40219.1
Project("{FAE04EC0-301F-11D3-BF4B-00C04F79EFBC}") = "FundooNotes", "FundooNotes.csproj", "{3BEF1DEA-4BA0-4CC3-847C-FA9EE1450C6E}"
EndProject
Project("{FAE04EC0-301F-11D3-BF4B-00C04F79EFBC}") = "RepositoryLayer", "..\RepositoryLayer\RepositoryLayer.csproj", "{D0723ECF-EC36-4FDD-85A6-6B1A8F7782EE}"
EndProject
Project("{FAE04EC0-301F-11D3-BF4B-00C04F79EFBC}") = "DataBaseLayer", "..\DataBaseLayer\DataBaseLayer.csproj", "{8846814F-F51D-4DA8-AC37-D51A818E127D}"
EndProject
Project("{FAE04EC0-301F-11D3-BF4B-00C04F79EFBC}") = "BusinessLayer", "..\BusinessLayer\BusinessLayer.csproj", "{AAEE62EC-6F6C-4A45-B539-2403554F72F4}"
EndProject
Global
	GlobalSection(SolutionConfigurationPlatforms) = preSolution
		Debug|Any CPU = Debug|Any CPU
		Release|Any CPU = Release|Any CPU
	EndGlobalSection
	GlobalSection(ProjectConfigurationPlatforms) = postSolution
		{3BEF1DEA-4BA0-4CC3-847C-FA9EE1450C6E}.Debug|Any CPU.ActiveCfg = Debug|Any CPU
		{3BEF1DEA-4BA0-4CC3-847C-FA9EE1450C6E}.Debug|Any CPU.Build.0 = Debug|Any CPU
		{3BEF1DEA-4BA0-4CC3-847C-FA9EE1450C6E}.Release|Any CPU.ActiveCfg = Release|Any CPU
		{3BEF1DEA-4BA0-4CC3-847C-FA9EE1450C6E}.Release|Any CPU.Build.0 = Release|Any CPU
		{D0723ECF-EC36-4FDD-85A6-6B1A8F7782EE}.Debug|Any CPU.ActiveCfg = Debug|Any CPU
		{D0723ECF-EC36-4FDD-85A6-6B1A8F7782EE}.Debug|Any CPU.Build.0 = Debug|Any CPU
		{D0723ECF-EC36-4FDD-85A6-6B1A8F7782EE}.Release|Any CPU.ActiveCfg = Release|Any CPU
		{D0723ECF-EC36-4FDD-85A6-6B1A8F7782EE}.Release|Any CPU.Build.0 = Release|Any CPU
		{8846814F-F51D-4DA8-AC37-D51A818E127D}.Debug|Any CPU.ActiveCfg = Debug|Any CPU
		{8846814F-F51D-4DA8-AC37-D51A818E127D}.Debug|Any CPU.Build.0 = Debug|Any CPU
		{8846814F-F51D-4DA8-AC37-D51A818E127D}.Release|Any CPU.ActiveCfg = Release|Any CPU
		{8846814F-F51D-4DA8-AC37-D51A818E127D}.Release|Any CPU.Build.0 = Release|Any CPU
		{AAEE62EC-6F6C-4A45-B539-2403554F72F4}.Debug|Any CPU.ActiveCfg = Debug|Any CPU
		{AAEE62EC-6F6C-4A45-B539-2403554F72F4}.Debug|Any CPU.Build.0 = Debug|Any CPU
		{AAEE62EC-6F6C-4A45-B539-2403554F72F4}.Release|Any CPU.ActiveCfg = Release|Any CPU
		{AAEE62EC-6F6C-4A45-B539-2403554F72F4}.Release|Any CPU.Build.0 = Release|Any CPU
	EndGlobalSection
	GlobalSection(SolutionProperties) = preSolution
		HideSolutionNode = FALSE
	EndGlobalSection
	GlobalSection(ExtensibilityGlobals) = postSolution
		SolutionGuid = {1BB3936E-0F8A-4D53-9F49-C15192F1BB08}
	EndGlobalSection
EndGlobal
